
Microsoft Visual Studio Solution File, Format Version 12.00
# Visual Studio Version 16
VisualStudioVersion = 16.0.31005.135
MinimumVisualStudioVersion = 10.0.40219.1
Project("{FAE04EC0-301F-11D3-BF4B-00C04F79EFBC}") = "Parcial1_DiegoDuran", "Parcial1_DiegoDuran\Parcial1_DiegoDuran.csproj", "{B9970C5F-F19E-4D9D-9DD5-F7288669DF0B}"
EndProject
Global
	GlobalSection(SolutionConfigurationPlatforms) = preSolution
		Debug|Any CPU = Debug|Any CPU
		Release|Any CPU = Release|Any CPU
	EndGlobalSection
	GlobalSection(ProjectConfigurationPlatforms) = postSolution
		{B9970C5F-F19E-4D9D-9DD5-F7288669DF0B}.Debug|Any CPU.ActiveCfg = Debug|Any CPU
		{B9970C5F-F19E-4D9D-9DD5-F7288669DF0B}.Debug|Any CPU.Build.0 = Debug|Any CPU
		{B9970C5F-F19E-4D9D-9DD5-F7288669DF0B}.Release|Any CPU.ActiveCfg = Release|Any CPU
		{B9970C5F-F19E-4D9D-9DD5-F7288669DF0B}.Release|Any CPU.Build.0 = Release|Any CPU
	EndGlobalSection
	GlobalSection(SolutionProperties) = preSolution
		HideSolutionNode = FALSE
	EndGlobalSection
	GlobalSection(ExtensibilityGlobals) = postSolution
		SolutionGuid = {87A346AB-3A20-4C3B-B328-BB3FB1E65428}
	EndGlobalSection
EndGlobal
